
Microsoft Visual Studio Solution File, Format Version 11.00
# Visual Studio 2010
Project("{FAE04EC0-301F-11D3-BF4B-00C04F79EFBC}") = "Assembly-CSharp", "Assembly-CSharp.csproj", "{DF4DA54F-CA5C-41AC-3509-6FC91232A532}"
EndProject
Project("{FAE04EC0-301F-11D3-BF4B-00C04F79EFBC}") = "Unity.Recorder", "Unity.Recorder.csproj", "{423887E8-FACB-1806-9E48-C471D5265E9E}"
EndProject
Project("{FAE04EC0-301F-11D3-BF4B-00C04F79EFBC}") = "Unity.Recorder.Samples", "Unity.Recorder.Samples.csproj", "{AAABC15A-2859-4BED-7CDD-3638B039D03D}"
EndProject
Project("{FAE04EC0-301F-11D3-BF4B-00C04F79EFBC}") = "Unity.Recorder.Editor", "Unity.Recorder.Editor.csproj", "{C81A526A-D355-9A0C-A7E7-45518F83EC13}"
EndProject
Project("{FAE04EC0-301F-11D3-BF4B-00C04F79EFBC}") = "Assembly-CSharp-Editor", "Assembly-CSharp-Editor.csproj", "{E1CF2FA0-987B-F754-8517-33FA8AC41662}"
EndProject
Global
	GlobalSection(SolutionConfigurationPlatforms) = preSolution
		Debug|Any CPU = Debug|Any CPU
		Release|Any CPU = Release|Any CPU
	EndGlobalSection
	GlobalSection(ProjectConfigurationPlatforms) = postSolution
		{DF4DA54F-CA5C-41AC-3509-6FC91232A532}.Debug|Any CPU.ActiveCfg = Debug|Any CPU
		{DF4DA54F-CA5C-41AC-3509-6FC91232A532}.Debug|Any CPU.Build.0 = Debug|Any CPU
		{DF4DA54F-CA5C-41AC-3509-6FC91232A532}.Release|Any CPU.ActiveCfg = Release|Any CPU
		{DF4DA54F-CA5C-41AC-3509-6FC91232A532}.Release|Any CPU.Build.0 = Release|Any CPU
		{423887E8-FACB-1806-9E48-C471D5265E9E}.Debug|Any CPU.ActiveCfg = Debug|Any CPU
		{423887E8-FACB-1806-9E48-C471D5265E9E}.Debug|Any CPU.Build.0 = Debug|Any CPU
		{423887E8-FACB-1806-9E48-C471D5265E9E}.Release|Any CPU.ActiveCfg = Release|Any CPU
		{423887E8-FACB-1806-9E48-C471D5265E9E}.Release|Any CPU.Build.0 = Release|Any CPU
		{AAABC15A-2859-4BED-7CDD-3638B039D03D}.Debug|Any CPU.ActiveCfg = Debug|Any CPU
		{AAABC15A-2859-4BED-7CDD-3638B039D03D}.Debug|Any CPU.Build.0 = Debug|Any CPU
		{AAABC15A-2859-4BED-7CDD-3638B039D03D}.Release|Any CPU.ActiveCfg = Release|Any CPU
		{AAABC15A-2859-4BED-7CDD-3638B039D03D}.Release|Any CPU.Build.0 = Release|Any CPU
		{C81A526A-D355-9A0C-A7E7-45518F83EC13}.Debug|Any CPU.ActiveCfg = Debug|Any CPU
		{C81A526A-D355-9A0C-A7E7-45518F83EC13}.Debug|Any CPU.Build.0 = Debug|Any CPU
		{C81A526A-D355-9A0C-A7E7-45518F83EC13}.Release|Any CPU.ActiveCfg = Release|Any CPU
		{C81A526A-D355-9A0C-A7E7-45518F83EC13}.Release|Any CPU.Build.0 = Release|Any CPU
		{E1CF2FA0-987B-F754-8517-33FA8AC41662}.Debug|Any CPU.ActiveCfg = Debug|Any CPU
		{E1CF2FA0-987B-F754-8517-33FA8AC41662}.Debug|Any CPU.Build.0 = Debug|Any CPU
		{E1CF2FA0-987B-F754-8517-33FA8AC41662}.Release|Any CPU.ActiveCfg = Release|Any CPU
		{E1CF2FA0-987B-F754-8517-33FA8AC41662}.Release|Any CPU.Build.0 = Release|Any CPU
	EndGlobalSection
	GlobalSection(SolutionProperties) = preSolution
		HideSolutionNode = FALSE
	EndGlobalSection
	GlobalSection(MonoDevelopProperties) = preSolution
		StartupItem = Assembly-CSharp.csproj
	EndGlobalSection
EndGlobal
